// !$*UTF8*$!
{
	archiveVersion = 1;
	classes = {
	};
	objectVersion = 56;
	objects = {

/* Begin PBXBuildFile section */
		B31299592B01211600D66906 /* GreetingView.swift in Sources */ = {isa = PBXBuildFile; fileRef = B31299582B01211600D66906 /* GreetingView.swift */; };
		B312995B2B012A8C00D66906 /* GradientButton.swift in Sources */ = {isa = PBXBuildFile; fileRef = B312995A2B012A8C00D66906 /* GradientButton.swift */; };
		B35E27B72AFFD79A00E964A0 /* PropelchatApp.swift in Sources */ = {isa = PBXBuildFile; fileRef = B35E27B62AFFD79A00E964A0 /* PropelchatApp.swift */; };
		B35E27B92AFFD79A00E964A0 /* ContentView.swift in Sources */ = {isa = PBXBuildFile; fileRef = B35E27B82AFFD79A00E964A0 /* ContentView.swift */; };
		B35E27BB2AFFD79B00E964A0 /* Assets.xcassets in Resources */ = {isa = PBXBuildFile; fileRef = B35E27BA2AFFD79B00E964A0 /* Assets.xcassets */; };
		B35E27BE2AFFD79B00E964A0 /* Preview Assets.xcassets in Resources */ = {isa = PBXBuildFile; fileRef = B35E27BD2AFFD79B00E964A0 /* Preview Assets.xcassets */; };
		B35E27C82AFFD79B00E964A0 /* PropelchatTests.swift in Sources */ = {isa = PBXBuildFile; fileRef = B35E27C72AFFD79B00E964A0 /* PropelchatTests.swift */; };
		B35E27D22AFFD79B00E964A0 /* PropelchatUITests.swift in Sources */ = {isa = PBXBuildFile; fileRef = B35E27D12AFFD79B00E964A0 /* PropelchatUITests.swift */; };
		B35E27D42AFFD79B00E964A0 /* PropelchatUITestsLaunchTests.swift in Sources */ = {isa = PBXBuildFile; fileRef = B35E27D32AFFD79B00E964A0 /* PropelchatUITestsLaunchTests.swift */; };
		B35E27E12AFFD9C500E964A0 /* SplashScreenView.swift in Sources */ = {isa = PBXBuildFile; fileRef = B35E27E02AFFD9C500E964A0 /* SplashScreenView.swift */; };
		B35E27E32AFFDB2C00E964A0 /* Colorscheme.swift in Sources */ = {isa = PBXBuildFile; fileRef = B35E27E22AFFDB2C00E964A0 /* Colorscheme.swift */; };
		B36DD6962B01310800B96F5A /* RegisterView.swift in Sources */ = {isa = PBXBuildFile; fileRef = B36DD6952B01310800B96F5A /* RegisterView.swift */; };
/* End PBXBuildFile section */

/* Begin PBXContainerItemProxy section */
		B35E27C42AFFD79B00E964A0 /* PBXContainerItemProxy */ = {
			isa = PBXContainerItemProxy;
			containerPortal = B35E27AB2AFFD79A00E964A0 /* Project object */;
			proxyType = 1;
			remoteGlobalIDString = B35E27B22AFFD79A00E964A0;
			remoteInfo = Propelchat;
		};
		B35E27CE2AFFD79B00E964A0 /* PBXContainerItemProxy */ = {
			isa = PBXContainerItemProxy;
			containerPortal = B35E27AB2AFFD79A00E964A0 /* Project object */;
			proxyType = 1;
			remoteGlobalIDString = B35E27B22AFFD79A00E964A0;
			remoteInfo = Propelchat;
		};
/* End PBXContainerItemProxy section */

/* Begin PBXFileReference section */
		B31299582B01211600D66906 /* GreetingView.swift */ = {isa = PBXFileReference; lastKnownFileType = sourcecode.swift; path = GreetingView.swift; sourceTree = "<group>"; };
		B312995A2B012A8C00D66906 /* GradientButton.swift */ = {isa = PBXFileReference; lastKnownFileType = sourcecode.swift; path = GradientButton.swift; sourceTree = "<group>"; };
		B35E27B32AFFD79A00E964A0 /* Propelchat.app */ = {isa = PBXFileReference; explicitFileType = wrapper.application; includeInIndex = 0; path = Propelchat.app; sourceTree = BUILT_PRODUCTS_DIR; };
		B35E27B62AFFD79A00E964A0 /* PropelchatApp.swift */ = {isa = PBXFileReference; lastKnownFileType = sourcecode.swift; path = PropelchatApp.swift; sourceTree = "<group>"; };
		B35E27B82AFFD79A00E964A0 /* ContentView.swift */ = {isa = PBXFileReference; lastKnownFileType = sourcecode.swift; path = ContentView.swift; sourceTree = "<group>"; };
		B35E27BA2AFFD79B00E964A0 /* Assets.xcassets */ = {isa = PBXFileReference; lastKnownFileType = folder.assetcatalog; path = Assets.xcassets; sourceTree = "<group>"; };
		B35E27BD2AFFD79B00E964A0 /* Preview Assets.xcassets */ = {isa = PBXFileReference; lastKnownFileType = folder.assetcatalog; path = "Preview Assets.xcassets"; sourceTree = "<group>"; };
		B35E27C32AFFD79B00E964A0 /* PropelchatTests.xctest */ = {isa = PBXFileReference; explicitFileType = wrapper.cfbundle; includeInIndex = 0; path = PropelchatTests.xctest; sourceTree = BUILT_PRODUCTS_DIR; };
		B35E27C72AFFD79B00E964A0 /* PropelchatTests.swift */ = {isa = PBXFileReference; lastKnownFileType = sourcecode.swift; path = PropelchatTests.swift; sourceTree = "<group>"; };
		B35E27CD2AFFD79B00E964A0 /* PropelchatUITests.xctest */ = {isa = PBXFileReference; explicitFileType = wrapper.cfbundle; includeInIndex = 0; path = PropelchatUITests.xctest; sourceTree = BUILT_PRODUCTS_DIR; };
		B35E27D12AFFD79B00E964A0 /* PropelchatUITests.swift */ = {isa = PBXFileReference; lastKnownFileType = sourcecode.swift; path = PropelchatUITests.swift; sourceTree = "<group>"; };
		B35E27D32AFFD79B00E964A0 /* PropelchatUITestsLaunchTests.swift */ = {isa = PBXFileReference; lastKnownFileType = sourcecode.swift; path = PropelchatUITestsLaunchTests.swift; sourceTree = "<group>"; };
		B35E27E02AFFD9C500E964A0 /* SplashScreenView.swift */ = {isa = PBXFileReference; lastKnownFileType = sourcecode.swift; path = SplashScreenView.swift; sourceTree = "<group>"; };
		B35E27E22AFFDB2C00E964A0 /* Colorscheme.swift */ = {isa = PBXFileReference; lastKnownFileType = sourcecode.swift; path = Colorscheme.swift; sourceTree = "<group>"; };
		B36DD6952B01310800B96F5A /* RegisterView.swift */ = {isa = PBXFileReference; lastKnownFileType = sourcecode.swift; path = RegisterView.swift; sourceTree = "<group>"; };
/* End PBXFileReference section */

/* Begin PBXFrameworksBuildPhase section */
		B35E27B02AFFD79A00E964A0 /* Frameworks */ = {
			isa = PBXFrameworksBuildPhase;
			buildActionMask = 2147483647;
			files = (
			);
			runOnlyForDeploymentPostprocessing = 0;
		};
		B35E27C02AFFD79B00E964A0 /* Frameworks */ = {
			isa = PBXFrameworksBuildPhase;
			buildActionMask = 2147483647;
			files = (
			);
			runOnlyForDeploymentPostprocessing = 0;
		};
		B35E27CA2AFFD79B00E964A0 /* Frameworks */ = {
			isa = PBXFrameworksBuildPhase;
			buildActionMask = 2147483647;
			files = (
			);
			runOnlyForDeploymentPostprocessing = 0;
		};
/* End PBXFrameworksBuildPhase section */

/* Begin PBXGroup section */
		B35E27AA2AFFD79A00E964A0 = {
			isa = PBXGroup;
			children = (
				B35E27B52AFFD79A00E964A0 /* Propelchat */,
				B35E27C62AFFD79B00E964A0 /* PropelchatTests */,
				B35E27D02AFFD79B00E964A0 /* PropelchatUITests */,
				B35E27B42AFFD79A00E964A0 /* Products */,
			);
			sourceTree = "<group>";
		};
		B35E27B42AFFD79A00E964A0 /* Products */ = {
			isa = PBXGroup;
			children = (
				B35E27B32AFFD79A00E964A0 /* Propelchat.app */,
				B35E27C32AFFD79B00E964A0 /* PropelchatTests.xctest */,
				B35E27CD2AFFD79B00E964A0 /* PropelchatUITests.xctest */,
			);
			name = Products;
			sourceTree = "<group>";
		};
		B35E27B52AFFD79A00E964A0 /* Propelchat */ = {
			isa = PBXGroup;
			children = (
				B35E27B62AFFD79A00E964A0 /* PropelchatApp.swift */,
				B35E27B82AFFD79A00E964A0 /* ContentView.swift */,
				B31299582B01211600D66906 /* GreetingView.swift */,
				B36DD6952B01310800B96F5A /* RegisterView.swift */,
				B312995A2B012A8C00D66906 /* GradientButton.swift */,
				B35E27E22AFFDB2C00E964A0 /* Colorscheme.swift */,
				B35E27E02AFFD9C500E964A0 /* SplashScreenView.swift */,
				B35E27BA2AFFD79B00E964A0 /* Assets.xcassets */,
				B35E27BC2AFFD79B00E964A0 /* Preview Content */,
			);
			path = Propelchat;
			sourceTree = "<group>";
		};
		B35E27BC2AFFD79B00E964A0 /* Preview Content */ = {
			isa = PBXGroup;
			children = (
				B35E27BD2AFFD79B00E964A0 /* Preview Assets.xcassets */,
			);
			path = "Preview Content";
			sourceTree = "<group>";
		};
		B35E27C62AFFD79B00E964A0 /* PropelchatTests */ = {
			isa = PBXGroup;
			children = (
				B35E27C72AFFD79B00E964A0 /* PropelchatTests.swift */,
			);
			path = PropelchatTests;
			sourceTree = "<group>";
		};
		B35E27D02AFFD79B00E964A0 /* PropelchatUITests */ = {
			isa = PBXGroup;
			children = (
				B35E27D12AFFD79B00E964A0 /* PropelchatUITests.swift */,
				B35E27D32AFFD79B00E964A0 /* PropelchatUITestsLaunchTests.swift */,
			);
			path = PropelchatUITests;
			sourceTree = "<group>";
		};
/* End PBXGroup section */

/* Begin PBXNativeTarget section */
		B35E27B22AFFD79A00E964A0 /* Propelchat */ = {
			isa = PBXNativeTarget;
			buildConfigurationList = B35E27D72AFFD79B00E964A0 /* Build configuration list for PBXNativeTarget "Propelchat" */;
			buildPhases = (
				B35E27AF2AFFD79A00E964A0 /* Sources */,
				B35E27B02AFFD79A00E964A0 /* Frameworks */,
				B35E27B12AFFD79A00E964A0 /* Resources */,
			);
			buildRules = (
			);
			dependencies = (
			);
			name = Propelchat;
			productName = Propelchat;
			productReference = B35E27B32AFFD79A00E964A0 /* Propelchat.app */;
			productType = "com.apple.product-type.application";
		};
		B35E27C22AFFD79B00E964A0 /* PropelchatTests */ = {
			isa = PBXNativeTarget;
			buildConfigurationList = B35E27DA2AFFD79B00E964A0 /* Build configuration list for PBXNativeTarget "PropelchatTests" */;
			buildPhases = (
				B35E27BF2AFFD79B00E964A0 /* Sources */,
				B35E27C02AFFD79B00E964A0 /* Frameworks */,
				B35E27C12AFFD79B00E964A0 /* Resources */,
			);
			buildRules = (
			);
			dependencies = (
				B35E27C52AFFD79B00E964A0 /* PBXTargetDependency */,
			);
			name = PropelchatTests;
			productName = PropelchatTests;
			productReference = B35E27C32AFFD79B00E964A0 /* PropelchatTests.xctest */;
			productType = "com.apple.product-type.bundle.unit-test";
		};
		B35E27CC2AFFD79B00E964A0 /* PropelchatUITests */ = {
			isa = PBXNativeTarget;
			buildConfigurationList = B35E27DD2AFFD79B00E964A0 /* Build configuration list for PBXNativeTarget "PropelchatUITests" */;
			buildPhases = (
				B35E27C92AFFD79B00E964A0 /* Sources */,
				B35E27CA2AFFD79B00E964A0 /* Frameworks */,
				B35E27CB2AFFD79B00E964A0 /* Resources */,
			);
			buildRules = (
			);
			dependencies = (
				B35E27CF2AFFD79B00E964A0 /* PBXTargetDependency */,
			);
			name = PropelchatUITests;
			productName = PropelchatUITests;
			productReference = B35E27CD2AFFD79B00E964A0 /* PropelchatUITests.xctest */;
			productType = "com.apple.product-type.bundle.ui-testing";
		};
/* End PBXNativeTarget section */

/* Begin PBXProject section */
		B35E27AB2AFFD79A00E964A0 /* Project object */ = {
			isa = PBXProject;
			attributes = {
				BuildIndependentTargetsInParallel = 1;
				LastSwiftUpdateCheck = 1420;
				LastUpgradeCheck = 1420;
				TargetAttributes = {
					B35E27B22AFFD79A00E964A0 = {
						CreatedOnToolsVersion = 14.2;
					};
					B35E27C22AFFD79B00E964A0 = {
						CreatedOnToolsVersion = 14.2;
						TestTargetID = B35E27B22AFFD79A00E964A0;
					};
					B35E27CC2AFFD79B00E964A0 = {
						CreatedOnToolsVersion = 14.2;
						TestTargetID = B35E27B22AFFD79A00E964A0;
					};
				};
			};
			buildConfigurationList = B35E27AE2AFFD79A00E964A0 /* Build configuration list for PBXProject "Propelchat" */;
			compatibilityVersion = "Xcode 14.0";
			developmentRegion = en;
			hasScannedForEncodings = 0;
			knownRegions = (
				en,
				Base,
			);
			mainGroup = B35E27AA2AFFD79A00E964A0;
			productRefGroup = B35E27B42AFFD79A00E964A0 /* Products */;
			projectDirPath = "";
			projectRoot = "";
			targets = (
				B35E27B22AFFD79A00E964A0 /* Propelchat */,
				B35E27C22AFFD79B00E964A0 /* PropelchatTests */,
				B35E27CC2AFFD79B00E964A0 /* PropelchatUITests */,
			);
		};
/* End PBXProject section */

/* Begin PBXResourcesBuildPhase section */
		B35E27B12AFFD79A00E964A0 /* Resources */ = {
			isa = PBXResourcesBuildPhase;
			buildActionMask = 2147483647;
			files = (
				B35E27BE2AFFD79B00E964A0 /* Preview Assets.xcassets in Resources */,
				B35E27BB2AFFD79B00E964A0 /* Assets.xcassets in Resources */,
			);
			runOnlyForDeploymentPostprocessing = 0;
		};
		B35E27C12AFFD79B00E964A0 /* Resources */ = {
			isa = PBXResourcesBuildPhase;
			buildActionMask = 2147483647;
			files = (
			);
			runOnlyForDeploymentPostprocessing = 0;
		};
		B35E27CB2AFFD79B00E964A0 /* Resources */ = {
			isa = PBXResourcesBuildPhase;
			buildActionMask = 2147483647;
			files = (
			);
			runOnlyForDeploymentPostprocessing = 0;
		};
/* End PBXResourcesBuildPhase section */

/* Begin PBXSourcesBuildPhase section */
		B35E27AF2AFFD79A00E964A0 /* Sources */ = {
			isa = PBXSourcesBuildPhase;
			buildActionMask = 2147483647;
			files = (
				B35E27E32AFFDB2C00E964A0 /* Colorscheme.swift in Sources */,
				B312995B2B012A8C00D66906 /* GradientButton.swift in Sources */,
				B35E27B92AFFD79A00E964A0 /* ContentView.swift in Sources */,
				B36DD6962B01310800B96F5A /* RegisterView.swift in Sources */,
				B35E27B72AFFD79A00E964A0 /* PropelchatApp.swift in Sources */,
				B31299592B01211600D66906 /* GreetingView.swift in Sources */,
				B35E27E12AFFD9C500E964A0 /* SplashScreenView.swift in Sources */,
			);
			runOnlyForDeploymentPostprocessing = 0;
		};
		B35E27BF2AFFD79B00E964A0 /* Sources */ = {
			isa = PBXSourcesBuildPhase;
			buildActionMask = 2147483647;
			files = (
				B35E27C82AFFD79B00E964A0 /* PropelchatTests.swift in Sources */,
			);
			runOnlyForDeploymentPostprocessing = 0;
		};
		B35E27C92AFFD79B00E964A0 /* Sources */ = {
			isa = PBXSourcesBuildPhase;
			buildActionMask = 2147483647;
			files = (
				B35E27D42AFFD79B00E964A0 /* PropelchatUITestsLaunchTests.swift in Sources */,
				B35E27D22AFFD79B00E964A0 /* PropelchatUITests.swift in Sources */,
			);
			runOnlyForDeploymentPostprocessing = 0;
		};
/* End PBXSourcesBuildPhase section */

/* Begin PBXTargetDependency section */
		B35E27C52AFFD79B00E964A0 /* PBXTargetDependency */ = {
			isa = PBXTargetDependency;
			target = B35E27B22AFFD79A00E964A0 /* Propelchat */;
			targetProxy = B35E27C42AFFD79B00E964A0 /* PBXContainerItemProxy */;
		};
		B35E27CF2AFFD79B00E964A0 /* PBXTargetDependency */ = {
			isa = PBXTargetDependency;
			target = B35E27B22AFFD79A00E964A0 /* Propelchat */;
			targetProxy = B35E27CE2AFFD79B00E964A0 /* PBXContainerItemProxy */;
		};
/* End PBXTargetDependency section */

/* Begin XCBuildConfiguration section */
		B35E27D52AFFD79B00E964A0 /* Debug */ = {
			isa = XCBuildConfiguration;
			buildSettings = {
				ALWAYS_SEARCH_USER_PATHS = NO;
				CLANG_ANALYZER_NONNULL = YES;
				CLANG_ANALYZER_NUMBER_OBJECT_CONVERSION = YES_AGGRESSIVE;
				CLANG_CXX_LANGUAGE_STANDARD = "gnu++20";
				CLANG_ENABLE_MODULES = YES;
				CLANG_ENABLE_OBJC_ARC = YES;
				CLANG_ENABLE_OBJC_WEAK = YES;
				CLANG_WARN_BLOCK_CAPTURE_AUTORELEASING = YES;
				CLANG_WARN_BOOL_CONVERSION = YES;
				CLANG_WARN_COMMA = YES;
				CLANG_WARN_CONSTANT_CONVERSION = YES;
				CLANG_WARN_DEPRECATED_OBJC_IMPLEMENTATIONS = YES;
				CLANG_WARN_DIRECT_OBJC_ISA_USAGE = YES_ERROR;
				CLANG_WARN_DOCUMENTATION_COMMENTS = YES;
				CLANG_WARN_EMPTY_BODY = YES;
				CLANG_WARN_ENUM_CONVERSION = YES;
				CLANG_WARN_INFINITE_RECURSION = YES;
				CLANG_WARN_INT_CONVERSION = YES;
				CLANG_WARN_NON_LITERAL_NULL_CONVERSION = YES;
				CLANG_WARN_OBJC_IMPLICIT_RETAIN_SELF = YES;
				CLANG_WARN_OBJC_LITERAL_CONVERSION = YES;
				CLANG_WARN_OBJC_ROOT_CLASS = YES_ERROR;
				CLANG_WARN_QUOTED_INCLUDE_IN_FRAMEWORK_HEADER = YES;
				CLANG_WARN_RANGE_LOOP_ANALYSIS = YES;
				CLANG_WARN_STRICT_PROTOTYPES = YES;
				CLANG_WARN_SUSPICIOUS_MOVE = YES;
				CLANG_WARN_UNGUARDED_AVAILABILITY = YES_AGGRESSIVE;
				CLANG_WARN_UNREACHABLE_CODE = YES;
				CLANG_WARN__DUPLICATE_METHOD_MATCH = YES;
				COPY_PHASE_STRIP = NO;
				DEBUG_INFORMATION_FORMAT = dwarf;
				ENABLE_STRICT_OBJC_MSGSEND = YES;
				ENABLE_TESTABILITY = YES;
				GCC_C_LANGUAGE_STANDARD = gnu11;
				GCC_DYNAMIC_NO_PIC = NO;
				GCC_NO_COMMON_BLOCKS = YES;
				GCC_OPTIMIZATION_LEVEL = 0;
				GCC_PREPROCESSOR_DEFINITIONS = (
					"DEBUG=1",
					"$(inherited)",
				);
				GCC_WARN_64_TO_32_BIT_CONVERSION = YES;
				GCC_WARN_ABOUT_RETURN_TYPE = YES_ERROR;
				GCC_WARN_UNDECLARED_SELECTOR = YES;
				GCC_WARN_UNINITIALIZED_AUTOS = YES_AGGRESSIVE;
				GCC_WARN_UNUSED_FUNCTION = YES;
				GCC_WARN_UNUSED_VARIABLE = YES;
				IPHONEOS_DEPLOYMENT_TARGET = 16.2;
				MTL_ENABLE_DEBUG_INFO = INCLUDE_SOURCE;
				MTL_FAST_MATH = YES;
				ONLY_ACTIVE_ARCH = YES;
				SDKROOT = iphoneos;
				SWIFT_ACTIVE_COMPILATION_CONDITIONS = DEBUG;
				SWIFT_OPTIMIZATION_LEVEL = "-Onone";
			};
			name = Debug;
		};
		B35E27D62AFFD79B00E964A0 /* Release */ = {
			isa = XCBuildConfiguration;
			buildSettings = {
				ALWAYS_SEARCH_USER_PATHS = NO;
				CLANG_ANALYZER_NONNULL = YES;
				CLANG_ANALYZER_NUMBER_OBJECT_CONVERSION = YES_AGGRESSIVE;
				CLANG_CXX_LANGUAGE_STANDARD = "gnu++20";
				CLANG_ENABLE_MODULES = YES;
				CLANG_ENABLE_OBJC_ARC = YES;
				CLANG_ENABLE_OBJC_WEAK = YES;
				CLANG_WARN_BLOCK_CAPTURE_AUTORELEASING = YES;
				CLANG_WARN_BOOL_CONVERSION = YES;
				CLANG_WARN_COMMA = YES;
				CLANG_WARN_CONSTANT_CONVERSION = YES;
				CLANG_WARN_DEPRECATED_OBJC_IMPLEMENTATIONS = YES;
				CLANG_WARN_DIRECT_OBJC_ISA_USAGE = YES_ERROR;
				CLANG_WARN_DOCUMENTATION_COMMENTS = YES;
				CLANG_WARN_EMPTY_BODY = YES;
				CLANG_WARN_ENUM_CONVERSION = YES;
				CLANG_WARN_INFINITE_RECURSION = YES;
				CLANG_WARN_INT_CONVERSION = YES;
				CLANG_WARN_NON_LITERAL_NULL_CONVERSION = YES;
				CLANG_WARN_OBJC_IMPLICIT_RETAIN_SELF = YES;
				CLANG_WARN_OBJC_LITERAL_CONVERSION = YES;
				CLANG_WARN_OBJC_ROOT_CLASS = YES_ERROR;
				CLANG_WARN_QUOTED_INCLUDE_IN_FRAMEWORK_HEADER = YES;
				CLANG_WARN_RANGE_LOOP_ANALYSIS = YES;
				CLANG_WARN_STRICT_PROTOTYPES = YES;
				CLANG_WARN_SUSPICIOUS_MOVE = YES;
				CLANG_WARN_UNGUARDED_AVAILABILITY = YES_AGGRESSIVE;
				CLANG_WARN_UNREACHABLE_CODE = YES;
				CLANG_WARN__DUPLICATE_METHOD_MATCH = YES;
				COPY_PHASE_STRIP = NO;
				DEBUG_INFORMATION_FORMAT = "dwarf-with-dsym";
				ENABLE_NS_ASSERTIONS = NO;
				ENABLE_STRICT_OBJC_MSGSEND = YES;
				GCC_C_LANGUAGE_STANDARD = gnu11;
				GCC_NO_COMMON_BLOCKS = YES;
				GCC_WARN_64_TO_32_BIT_CONVERSION = YES;
				GCC_WARN_ABOUT_RETURN_TYPE = YES_ERROR;
				GCC_WARN_UNDECLARED_SELECTOR = YES;
				GCC_WARN_UNINITIALIZED_AUTOS = YES_AGGRESSIVE;
				GCC_WARN_UNUSED_FUNCTION = YES;
				GCC_WARN_UNUSED_VARIABLE = YES;
				IPHONEOS_DEPLOYMENT_TARGET = 16.2;
				MTL_ENABLE_DEBUG_INFO = NO;
				MTL_FAST_MATH = YES;
				SDKROOT = iphoneos;
				SWIFT_COMPILATION_MODE = wholemodule;
				SWIFT_OPTIMIZATION_LEVEL = "-O";
				VALIDATE_PRODUCT = YES;
			};
			name = Release;
		};
		B35E27D82AFFD79B00E964A0 /* Debug */ = {
			isa = XCBuildConfiguration;
			buildSettings = {
				ASSETCATALOG_COMPILER_APPICON_NAME = AppIcon;
				ASSETCATALOG_COMPILER_GLOBAL_ACCENT_COLOR_NAME = AccentColor;
				CODE_SIGN_STYLE = Automatic;
				CURRENT_PROJECT_VERSION = 1;
				DEVELOPMENT_ASSET_PATHS = "\"Propelchat/Preview Content\"";
				ENABLE_PREVIEWS = YES;
				GENERATE_INFOPLIST_FILE = YES;
				INFOPLIST_KEY_UIApplicationSceneManifest_Generation = YES;
				INFOPLIST_KEY_UIApplicationSupportsIndirectInputEvents = YES;
				INFOPLIST_KEY_UILaunchScreen_Generation = YES;
				INFOPLIST_KEY_UISupportedInterfaceOrientations_iPad = "UIInterfaceOrientationPortrait UIInterfaceOrientationPortraitUpsideDown UIInterfaceOrientationLandscapeLeft UIInterfaceOrientationLandscapeRight";
				INFOPLIST_KEY_UISupportedInterfaceOrientations_iPhone = "UIInterfaceOrientationPortrait UIInterfaceOrientationLandscapeLeft UIInterfaceOrientationLandscapeRight";
				LD_RUNPATH_SEARCH_PATHS = (
					"$(inherited)",
					"@executable_path/Frameworks",
				);
				MARKETING_VERSION = 1.0;
				PRODUCT_BUNDLE_IDENTIFIER = ouioui.Propelchat;
				PRODUCT_NAME = "$(TARGET_NAME)";
				SWIFT_EMIT_LOC_STRINGS = YES;
				SWIFT_VERSION = 5.0;
				TARGETED_DEVICE_FAMILY = "1,2";
			};
			name = Debug;
		};
		B35E27D92AFFD79B00E964A0 /* Release */ = {
			isa = XCBuildConfiguration;
			buildSettings = {
				ASSETCATALOG_COMPILER_APPICON_NAME = AppIcon;
				ASSETCATALOG_COMPILER_GLOBAL_ACCENT_COLOR_NAME = AccentColor;
				CODE_SIGN_STYLE = Automatic;
				CURRENT_PROJECT_VERSION = 1;
				DEVELOPMENT_ASSET_PATHS = "\"Propelchat/Preview Content\"";
				ENABLE_PREVIEWS = YES;
				GENERATE_INFOPLIST_FILE = YES;
				INFOPLIST_KEY_UIApplicationSceneManifest_Generation = YES;
				INFOPLIST_KEY_UIApplicationSupportsIndirectInputEvents = YES;
				INFOPLIST_KEY_UILaunchScreen_Generation = YES;
				INFOPLIST_KEY_UISupportedInterfaceOrientations_iPad = "UIInterfaceOrientationPortrait UIInterfaceOrientationPortraitUpsideDown UIInterfaceOrientationLandscapeLeft UIInterfaceOrientationLandscapeRight";
				INFOPLIST_KEY_UISupportedInterfaceOrientations_iPhone = "UIInterfaceOrientationPortrait UIInterfaceOrientationLandscapeLeft UIInterfaceOrientationLandscapeRight";
				LD_RUNPATH_SEARCH_PATHS = (
					"$(inherited)",
					"@executable_path/Frameworks",
				);
				MARKETING_VERSION = 1.0;
				PRODUCT_BUNDLE_IDENTIFIER = ouioui.Propelchat;
				PRODUCT_NAME = "$(TARGET_NAME)";
				SWIFT_EMIT_LOC_STRINGS = YES;
				SWIFT_VERSION = 5.0;
				TARGETED_DEVICE_FAMILY = "1,2";
			};
			name = Release;
		};
		B35E27DB2AFFD79B00E964A0 /* Debug */ = {
			isa = XCBuildConfiguration;
			buildSettings = {
				ALWAYS_EMBED_SWIFT_STANDARD_LIBRARIES = YES;
				BUNDLE_LOADER = "$(TEST_HOST)";
				CODE_SIGN_STYLE = Automatic;
				CURRENT_PROJECT_VERSION = 1;
				GENERATE_INFOPLIST_FILE = YES;
				IPHONEOS_DEPLOYMENT_TARGET = 16.2;
				MARKETING_VERSION = 1.0;
				PRODUCT_BUNDLE_IDENTIFIER = ouioui.PropelchatTests;
				PRODUCT_NAME = "$(TARGET_NAME)";
				SWIFT_EMIT_LOC_STRINGS = NO;
				SWIFT_VERSION = 5.0;
				TARGETED_DEVICE_FAMILY = "1,2";
				TEST_HOST = "$(BUILT_PRODUCTS_DIR)/Propelchat.app/$(BUNDLE_EXECUTABLE_FOLDER_PATH)/Propelchat";
			};
			name = Debug;
		};
		B35E27DC2AFFD79B00E964A0 /* Release */ = {
			isa = XCBuildConfiguration;
			buildSettings = {
				ALWAYS_EMBED_SWIFT_STANDARD_LIBRARIES = YES;
				BUNDLE_LOADER = "$(TEST_HOST)";
				CODE_SIGN_STYLE = Automatic;
				CURRENT_PROJECT_VERSION = 1;
				GENERATE_INFOPLIST_FILE = YES;
				IPHONEOS_DEPLOYMENT_TARGET = 16.2;
				MARKETING_VERSION = 1.0;
				PRODUCT_BUNDLE_IDENTIFIER = ouioui.PropelchatTests;
				PRODUCT_NAME = "$(TARGET_NAME)";
				SWIFT_EMIT_LOC_STRINGS = NO;
				SWIFT_VERSION = 5.0;
				TARGETED_DEVICE_FAMILY = "1,2";
				TEST_HOST = "$(BUILT_PRODUCTS_DIR)/Propelchat.app/$(BUNDLE_EXECUTABLE_FOLDER_PATH)/Propelchat";
			};
			name = Release;
		};
		B35E27DE2AFFD79B00E964A0 /* Debug */ = {
			isa = XCBuildConfiguration;
			buildSettings = {
				ALWAYS_EMBED_SWIFT_STANDARD_LIBRARIES = YES;
				CODE_SIGN_STYLE = Automatic;
				CURRENT_PROJECT_VERSION = 1;
				GENERATE_INFOPLIST_FILE = YES;
				MARKETING_VERSION = 1.0;
				PRODUCT_BUNDLE_IDENTIFIER = ouioui.PropelchatUITests;
				PRODUCT_NAME = "$(TARGET_NAME)";
				SWIFT_EMIT_LOC_STRINGS = NO;
				SWIFT_VERSION = 5.0;
				TARGETED_DEVICE_FAMILY = "1,2";
				TEST_TARGET_NAME = Propelchat;
			};
			name = Debug;
		};
		B35E27DF2AFFD79B00E964A0 /* Release */ = {
			isa = XCBuildConfiguration;
			buildSettings = {
				ALWAYS_EMBED_SWIFT_STANDARD_LIBRARIES = YES;
				CODE_SIGN_STYLE = Automatic;
				CURRENT_PROJECT_VERSION = 1;
				GENERATE_INFOPLIST_FILE = YES;
				MARKETING_VERSION = 1.0;
				PRODUCT_BUNDLE_IDENTIFIER = ouioui.PropelchatUITests;
				PRODUCT_NAME = "$(TARGET_NAME)";
				SWIFT_EMIT_LOC_STRINGS = NO;
				SWIFT_VERSION = 5.0;
				TARGETED_DEVICE_FAMILY = "1,2";
				TEST_TARGET_NAME = Propelchat;
			};
			name = Release;
		};
/* End XCBuildConfiguration section */

/* Begin XCConfigurationList section */
		B35E27AE2AFFD79A00E964A0 /* Build configuration list for PBXProject "Propelchat" */ = {
			isa = XCConfigurationList;
			buildConfigurations = (
				B35E27D52AFFD79B00E964A0 /* Debug */,
				B35E27D62AFFD79B00E964A0 /* Release */,
			);
			defaultConfigurationIsVisible = 0;
			defaultConfigurationName = Release;
		};
		B35E27D72AFFD79B00E964A0 /* Build configuration list for PBXNativeTarget "Propelchat" */ = {
			isa = XCConfigurationList;
			buildConfigurations = (
				B35E27D82AFFD79B00E964A0 /* Debug */,
				B35E27D92AFFD79B00E964A0 /* Release */,
			);
			defaultConfigurationIsVisible = 0;
			defaultConfigurationName = Release;
		};
		B35E27DA2AFFD79B00E964A0 /* Build configuration list for PBXNativeTarget "PropelchatTests" */ = {
			isa = XCConfigurationList;
			buildConfigurations = (
				B35E27DB2AFFD79B00E964A0 /* Debug */,
				B35E27DC2AFFD79B00E964A0 /* Release */,
			);
			defaultConfigurationIsVisible = 0;
			defaultConfigurationName = Release;
		};
		B35E27DD2AFFD79B00E964A0 /* Build configuration list for PBXNativeTarget "PropelchatUITests" */ = {
			isa = XCConfigurationList;
			buildConfigurations = (
				B35E27DE2AFFD79B00E964A0 /* Debug */,
				B35E27DF2AFFD79B00E964A0 /* Release */,
			);
			defaultConfigurationIsVisible = 0;
			defaultConfigurationName = Release;
		};
/* End XCConfigurationList section */
	};
	rootObject = B35E27AB2AFFD79A00E964A0 /* Project object */;
}
